{
  "name": "website",
  "version": "0.1.0",
  "lockfileVersion": 1,
  "requires": true,
  "dependencies": {
    "omicron": {
      "version": "0.2.0",
      "resolved": "https://registry.npmjs.org/omicron/-/omicron-0.2.0.tgz",
      "integrity": "sha1-WidcMxl8Nyrj2W+Tab6h1V0gsXU="
    },
    "state": {
      "version": "0.2.0",
      "resolved": "https://registry.npmjs.org/state/-/state-0.2.0.tgz",
      "integrity": "sha1-32Yb2sqv/+3W4CiMh9g+N5LQU80=",
      "requires": {
        "omicron": "~0.2.0"
      }
    }
  }
}
